// !$*UTF8*$!
{
	archiveVersion = 1;
	classes = {
	};
	objectVersion = 46;
	objects = {

/* Begin PBXBuildFile section */
		44AC1E901E795D9D00CF67A9 /* main.m in Sources */ = {isa = PBXBuildFile; fileRef = 44AC1E8F1E795D9D00CF67A9 /* main.m */; };
		44AC1E931E795D9D00CF67A9 /* AppDelegate.m in Sources */ = {isa = PBXBuildFile; fileRef = 44AC1E921E795D9D00CF67A9 /* AppDelegate.m */; };
		44AC1E961E795D9D00CF67A9 /* ViewController.m in Sources */ = {isa = PBXBuildFile; fileRef = 44AC1E951E795D9D00CF67A9 /* ViewController.m */; };
		44AC1E991E795D9E00CF67A9 /* Main.storyboard in Resources */ = {isa = PBXBuildFile; fileRef = 44AC1E971E795D9E00CF67A9 /* Main.storyboard */; };
		44AC1E9B1E795D9E00CF67A9 /* Assets.xcassets in Resources */ = {isa = PBXBuildFile; fileRef = 44AC1E9A1E795D9E00CF67A9 /* Assets.xcassets */; };
		44AC1E9E1E795D9E00CF67A9 /* LaunchScreen.storyboard in Resources */ = {isa = PBXBuildFile; fileRef = 44AC1E9C1E795D9E00CF67A9 /* LaunchScreen.storyboard */; };
/* End PBXBuildFile section */

/* Begin PBXFileReference section */
		44AC1E8B1E795D9D00CF67A9 /* widgetDemo.app */ = {isa = PBXFileReference; explicitFileType = wrapper.application; includeInIndex = 0; path = widgetDemo.app; sourceTree = BUILT_PRODUCTS_DIR; };
		44AC1E8F1E795D9D00CF67A9 /* main.m */ = {isa = PBXFileReference; lastKnownFileType = sourcecode.c.objc; path = main.m; sourceTree = "<group>"; };
		44AC1E911E795D9D00CF67A9 /* AppDelegate.h */ = {isa = PBXFileReference; lastKnownFileType = sourcecode.c.h; path = AppDelegate.h; sourceTree = "<group>"; };
		44AC1E921E795D9D00CF67A9 /* AppDelegate.m */ = {isa = PBXFileReference; lastKnownFileType = sourcecode.c.objc; path = AppDelegate.m; sourceTree = "<group>"; };
		44AC1E941E795D9D00CF67A9 /* ViewController.h */ = {isa = PBXFileReference; lastKnownFileType = sourcecode.c.h; path = ViewController.h; sourceTree = "<group>"; };
		44AC1E951E795D9D00CF67A9 /* ViewController.m */ = {isa = PBXFileReference; lastKnownFileType = sourcecode.c.objc; path = ViewController.m; sourceTree = "<group>"; };
		44AC1E981E795D9E00CF67A9 /* Base */ = {isa = PBXFileReference; lastKnownFileType = file.storyboard; name = Base; path = Base.lproj/Main.storyboard; sourceTree = "<group>"; };
		44AC1E9A1E795D9E00CF67A9 /* Assets.xcassets */ = {isa = PBXFileReference; lastKnownFileType = folder.assetcatalog; path = Assets.xcassets; sourceTree = "<group>"; };
		44AC1E9D1E795D9E00CF67A9 /* Base */ = {isa = PBXFileReference; lastKnownFileType = file.storyboard; name = Base; path = Base.lproj/LaunchScreen.storyboard; sourceTree = "<group>"; };
		44AC1E9F1E795D9E00CF67A9 /* Info.plist */ = {isa = PBXFileReference; lastKnownFileType = text.plist.xml; path = Info.plist; sourceTree = "<group>"; };
/* End PBXFileReference section */

/* Begin PBXFrameworksBuildPhase section */
		44AC1E881E795D9D00CF67A9 /* Frameworks */ = {
			isa = PBXFrameworksBuildPhase;
			buildActionMask = 2147483647;
			files = (
			);
			runOnlyForDeploymentPostprocessing = 0;
		};
/* End PBXFrameworksBuildPhase section */

/* Begin PBXGroup section */
		44AC1E821E795D9D00CF67A9 = {
			isa = PBXGroup;
			children = (
				44AC1E8D1E795D9D00CF67A9 /* widgetDemo */,
				44AC1E8C1E795D9D00CF67A9 /* Products */,
			);
			sourceTree = "<group>";
		};
		44AC1E8C1E795D9D00CF67A9 /* Products */ = {
			isa = PBXGroup;
			children = (
				44AC1E8B1E795D9D00CF67A9 /* widgetDemo.app */,
			);
			name = Products;
			sourceTree = "<group>";
		};
		44AC1E8D1E795D9D00CF67A9 /* widgetDemo */ = {
			isa = PBXGroup;
			children = (
				44AC1E911E795D9D00CF67A9 /* AppDelegate.h */,
				44AC1E921E795D9D00CF67A9 /* AppDelegate.m */,
				44AC1E941E795D9D00CF67A9 /* ViewController.h */,
				44AC1E951E795D9D00CF67A9 /* ViewController.m */,
				44AC1E971E795D9E00CF67A9 /* Main.storyboard */,
				44AC1E9A1E795D9E00CF67A9 /* Assets.xcassets */,
				44AC1E9C1E795D9E00CF67A9 /* LaunchScreen.storyboard */,
				44AC1E9F1E795D9E00CF67A9 /* Info.plist */,
				44AC1E8E1E795D9D00CF67A9 /* Supporting Files */,
			);
			path = widgetDemo;
			sourceTree = "<group>";
		};
		44AC1E8E1E795D9D00CF67A9 /* Supporting Files */ = {
			isa = PBXGroup;
			children = (
				44AC1E8F1E795D9D00CF67A9 /* main.m */,
			);
			name = "Supporting Files";
			sourceTree = "<group>";
		};
/* End PBXGroup section */

/* Begin PBXNativeTarget section */
		44AC1E8A1E795D9D00CF67A9 /* widgetDemo */ = {
			isa = PBXNativeTarget;
			buildConfigurationList = 44AC1EA21E795D9E00CF67A9 /* Build configuration list for PBXNativeTarget "widgetDemo" */;
			buildPhases = (
				44AC1E871E795D9D00CF67A9 /* Sources */,
				44AC1E881E795D9D00CF67A9 /* Frameworks */,
				44AC1E891E795D9D00CF67A9 /* Resources */,
			);
			buildRules = (
			);
			dependencies = (
			);
			name = widgetDemo;
			productName = widgetDemo;
			productReference = 44AC1E8B1E795D9D00CF67A9 /* widgetDemo.app */;
			productType = "com.apple.product-type.application";
		};
/* End PBXNativeTarget section */

/* Begin PBXProject section */
		44AC1E831E795D9D00CF67A9 /* Project object */ = {
			isa = PBXProject;
			attributes = {
				LastUpgradeCheck = 0820;
				ORGANIZATIONNAME = com.snailgames;
				TargetAttributes = {
					44AC1E8A1E795D9D00CF67A9 = {
						CreatedOnToolsVersion = 8.2.1;
						DevelopmentTeam = WSSN499SLU;
						ProvisioningStyle = Manual;
					};
				};
			};
			buildConfigurationList = 44AC1E861E795D9D00CF67A9 /* Build configuration list for PBXProject "widgetDemo" */;
			compatibilityVersion = "Xcode 3.2";
			developmentRegion = English;
			hasScannedForEncodings = 0;
			knownRegions = (
				en,
				Base,
			);
			mainGroup = 44AC1E821E795D9D00CF67A9;
			productRefGroup = 44AC1E8C1E795D9D00CF67A9 /* Products */;
			projectDirPath = "";
			projectRoot = "";
			targets = (
				44AC1E8A1E795D9D00CF67A9 /* widgetDemo */,
			);
		};
/* End PBXProject section */

/* Begin PBXResourcesBuildPhase section */
		44AC1E891E795D9D00CF67A9 /* Resources */ = {
			isa = PBXResourcesBuildPhase;
			buildActionMask = 2147483647;
			files = (
				44AC1E9E1E795D9E00CF67A9 /* LaunchScreen.storyboard in Resources */,
				44AC1E9B1E795D9E00CF67A9 /* Assets.xcassets in Resources */,
				44AC1E991E795D9E00CF67A9 /* Main.storyboard in Resources */,
			);
			runOnlyForDeploymentPostprocessing = 0;
		};
/* End PBXResourcesBuildPhase section */

/* Begin PBXSourcesBuildPhase section */
		44AC1E871E795D9D00CF67A9 /* Sources */ = {
			isa = PBXSourcesBuildPhase;
			buildActionMask = 2147483647;
			files = (
				44AC1E961E795D9D00CF67A9 /* ViewController.m in Sources */,
				44AC1E931E795D9D00CF67A9 /* AppDelegate.m in Sources */,
				44AC1E901E795D9D00CF67A9 /* main.m in Sources */,
			);
			runOnlyForDeploymentPostprocessing = 0;
		};
/* End PBXSourcesBuildPhase section */

/* Begin PBXVariantGroup section */
		44AC1E971E795D9E00CF67A9 /* Main.storyboard */ = {
			isa = PBXVariantGroup;
			children = (
				44AC1E981E795D9E00CF67A9 /* Base */,
			);
			name = Main.storyboard;
			sourceTree = "<group>";
		};
		44AC1E9C1E795D9E00CF67A9 /* LaunchScreen.storyboard */ = {
			isa = PBXVariantGroup;
			children = (
				44AC1E9D1E795D9E00CF67A9 /* Base */,
			);
			name = LaunchScreen.storyboard;
			sourceTree = "<group>";
		};
/* End PBXVariantGroup section */

/* Begin XCBuildConfiguration section */
		44AC1EA01E795D9E00CF67A9 /* Debug */ = {
			isa = XCBuildConfiguration;
			buildSettings = {
				ALWAYS_SEARCH_USER_PATHS = NO;
				CLANG_ANALYZER_NONNULL = YES;
				CLANG_CXX_LANGUAGE_STANDARD = "gnu++0x";
				CLANG_CXX_LIBRARY = "libc++";
				CLANG_ENABLE_MODULES = YES;
				CLANG_ENABLE_OBJC_ARC = YES;
				CLANG_WARN_BOOL_CONVERSION = YES;
				CLANG_WARN_CONSTANT_CONVERSION = YES;
				CLANG_WARN_DIRECT_OBJC_ISA_USAGE = YES_ERROR;
				CLANG_WARN_DOCUMENTATION_COMMENTS = YES;
				CLANG_WARN_EMPTY_BODY = YES;
				CLANG_WARN_ENUM_CONVERSION = YES;
				CLANG_WARN_INFINITE_RECURSION = YES;
				CLANG_WARN_INT_CONVERSION = YES;
				CLANG_WARN_OBJC_ROOT_CLASS = YES_ERROR;
				CLANG_WARN_SUSPICIOUS_MOVE = YES;
				CLANG_WARN_UNREACHABLE_CODE = YES;
				CLANG_WARN__DUPLICATE_METHOD_MATCH = YES;
				"CODE_SIGN_IDENTITY[sdk=iphoneos*]" = "iPhone Developer";
				COPY_PHASE_STRIP = NO;
				DEBUG_INFORMATION_FORMAT = dwarf;
				ENABLE_STRICT_OBJC_MSGSEND = YES;
				ENABLE_TESTABILITY = YES;
				GCC_C_LANGUAGE_STANDARD = gnu99;
				GCC_DYNAMIC_NO_PIC = NO;
				GCC_NO_COMMON_BLOCKS = YES;
				GCC_OPTIMIZATION_LEVEL = 0;
				GCC_PREPROCESSOR_DEFINITIONS = (
					"DEBUG=1",
					"$(inherited)",
				);
				GCC_WARN_64_TO_32_BIT_CONVERSION = YES;
				GCC_WARN_ABOUT_RETURN_TYPE = YES_ERROR;
				GCC_WARN_UNDECLARED_SELECTOR = YES;
				GCC_WARN_UNINITIALIZED_AUTOS = YES_AGGRESSIVE;
				GCC_WARN_UNUSED_FUNCTION = YES;
				GCC_WARN_UNUSED_VARIABLE = YES;
				IPHONEOS_DEPLOYMENT_TARGET = 10.2;
				MTL_ENABLE_DEBUG_INFO = YES;
				ONLY_ACTIVE_ARCH = YES;
				SDKROOT = iphoneos;
				TARGETED_DEVICE_FAMILY = "1,2";
			};
			name = Debug;
		};
		44AC1EA11E795D9E00CF67A9 /* Release */ = {
			isa = XCBuildConfiguration;
			buildSettings = {
				ALWAYS_SEARCH_USER_PATHS = NO;
				CLANG_ANALYZER_NONNULL = YES;
				CLANG_CXX_LANGUAGE_STANDARD = "gnu++0x";
				CLANG_CXX_LIBRARY = "libc++";
				CLANG_ENABLE_MODULES = YES;
				CLANG_ENABLE_OBJC_ARC = YES;
				CLANG_WARN_BOOL_CONVERSION = YES;
				CLANG_WARN_CONSTANT_CONVERSION = YES;
				CLANG_WARN_DIRECT_OBJC_ISA_USAGE = YES_ERROR;
				CLANG_WARN_DOCUMENTATION_COMMENTS = YES;
				CLANG_WARN_EMPTY_BODY = YES;
				CLANG_WARN_ENUM_CONVERSION = YES;
				CLANG_WARN_INFINITE_RECURSION = YES;
				CLANG_WARN_INT_CONVERSION = YES;
				CLANG_WARN_OBJC_ROOT_CLASS = YES_ERROR;
				CLANG_WARN_SUSPICIOUS_MOVE = YES;
				CLANG_WARN_UNREACHABLE_CODE = YES;
				CLANG_WARN__DUPLICATE_METHOD_MATCH = YES;
				"CODE_SIGN_IDENTITY[sdk=iphoneos*]" = "iPhone Developer";
				COPY_PHASE_STRIP = NO;
				DEBUG_INFORMATION_FORMAT = "dwarf-with-dsym";
				ENABLE_NS_ASSERTIONS = NO;
				ENABLE_STRICT_OBJC_MSGSEND = YES;
				GCC_C_LANGUAGE_STANDARD = gnu99;
				GCC_NO_COMMON_BLOCKS = YES;
				GCC_WARN_64_TO_32_BIT_CONVERSION = YES;
				GCC_WARN_ABOUT_RETURN_TYPE = YES_ERROR;
				GCC_WARN_UNDECLARED_SELECTOR = YES;
				GCC_WARN_UNINITIALIZED_AUTOS = YES_AGGRESSIVE;
				GCC_WARN_UNUSED_FUNCTION = YES;
				GCC_WARN_UNUSED_VARIABLE = YES;
				IPHONEOS_DEPLOYMENT_TARGET = 10.2;
				MTL_ENABLE_DEBUG_INFO = NO;
				SDKROOT = iphoneos;
				TARGETED_DEVICE_FAMILY = "1,2";
				VALIDATE_PRODUCT = YES;
			};
			name = Release;
		};
		44AC1EA31E795D9E00CF67A9 /* Debug */ = {
			isa = XCBuildConfiguration;
			buildSettings = {
				ASSETCATALOG_COMPILER_APPICON_NAME = AppIcon;
				DEVELOPMENT_TEAM = WSSN499SLU;
				INFOPLIST_FILE = widgetDemo/Info.plist;
				LD_RUNPATH_SEARCH_PATHS = "$(inherited) @executable_path/Frameworks";
				PRODUCT_BUNDLE_IDENTIFIER = com.snailgames.widgetDemo;
				PRODUCT_NAME = "$(TARGET_NAME)";
				PROVISIONING_PROFILE = "2e56b5b0-832e-4fb0-b270-5dd392ace545";
				PROVISIONING_PROFILE_SPECIFIER = UniversalSnailDev;
			};
			name = Debug;
		};
		44AC1EA41E795D9E00CF67A9 /* Release */ = {
			isa = XCBuildConfiguration;
			buildSettings = {
				ASSETCATALOG_COMPILER_APPICON_NAME = AppIcon;
				DEVELOPMENT_TEAM = WSSN499SLU;
				INFOPLIST_FILE = widgetDemo/Info.plist;
				LD_RUNPATH_SEARCH_PATHS = "$(inherited) @executable_path/Frameworks";
				PRODUCT_BUNDLE_IDENTIFIER = com.snailgames.widgetDemo;
				PRODUCT_NAME = "$(TARGET_NAME)";
				PROVISIONING_PROFILE = "2e56b5b0-832e-4fb0-b270-5dd392ace545";
				PROVISIONING_PROFILE_SPECIFIER = UniversalSnailDev;
			};
			name = Release;
		};
/* End XCBuildConfiguration section */

/* Begin XCConfigurationList section */
		44AC1E861E795D9D00CF67A9 /* Build configuration list for PBXProject "widgetDemo" */ = {
			isa = XCConfigurationList;
			buildConfigurations = (
				44AC1EA01E795D9E00CF67A9 /* Debug */,
				44AC1EA11E795D9E00CF67A9 /* Release */,
			);
			defaultConfigurationIsVisible = 0;
			defaultConfigurationName = Release;
		};
		44AC1EA21E795D9E00CF67A9 /* Build configuration list for PBXNativeTarget "widgetDemo" */ = {
			isa = XCConfigurationList;
			buildConfigurations = (
				44AC1EA31E795D9E00CF67A9 /* Debug */,
				44AC1EA41E795D9E00CF67A9 /* Release */,
			);
			defaultConfigurationIsVisible = 0;
		};
/* End XCConfigurationList section */
	};
	rootObject = 44AC1E831E795D9D00CF67A9 /* Project object */;
}
